// !$*UTF8*$!
{
	archiveVersion = 1;
	classes = {
	};
	objectVersion = 55;
	objects = {

/* Begin PBXBuildFile section */
		04A336167A2852B732FCEAC6 /* Pods_SmartTrexTests.framework in Frameworks */ = {isa = PBXBuildFile; fileRef = 55F908DE156425EDE1A2EB24 /* Pods_SmartTrexTests.framework */; };
		14155CF927BC30E30054B502 /* GoogleTranslationServiceTests.swift in Sources */ = {isa = PBXBuildFile; fileRef = 14155CF827BC30E30054B502 /* GoogleTranslationServiceTests.swift */; };
		14155CFC27BC31130054B502 /* URLProtocolMock.swift in Sources */ = {isa = PBXBuildFile; fileRef = 14155CFB27BC31130054B502 /* URLProtocolMock.swift */; };
		141B1D2527C2E67000FA8A59 /* URLMock.swift in Sources */ = {isa = PBXBuildFile; fileRef = 141B1D2427C2E67000FA8A59 /* URLMock.swift */; };
		14225B3D27A06D1E004B63BE /* AppDelegate.swift in Sources */ = {isa = PBXBuildFile; fileRef = 14225B3C27A06D1E004B63BE /* AppDelegate.swift */; };
		14225B3F27A06D1E004B63BE /* SceneDelegate.swift in Sources */ = {isa = PBXBuildFile; fileRef = 14225B3E27A06D1E004B63BE /* SceneDelegate.swift */; };
		14225B4127A06D1E004B63BE /* TranslateViewController.swift in Sources */ = {isa = PBXBuildFile; fileRef = 14225B4027A06D1E004B63BE /* TranslateViewController.swift */; };
		14225B4627A06D21004B63BE /* Assets.xcassets in Resources */ = {isa = PBXBuildFile; fileRef = 14225B4527A06D21004B63BE /* Assets.xcassets */; };
		14225B4927A06D21004B63BE /* LaunchScreen.storyboard in Resources */ = {isa = PBXBuildFile; fileRef = 14225B4727A06D21004B63BE /* LaunchScreen.storyboard */; };
		14A4B2B627BBCE890075CF30 /* TranslationRequest.swift in Sources */ = {isa = PBXBuildFile; fileRef = 14A4B2B527BBCE890075CF30 /* TranslationRequest.swift */; };
		14A4B2B827BBCEEC0075CF30 /* TranslationResponse.swift in Sources */ = {isa = PBXBuildFile; fileRef = 14A4B2B727BBCEEC0075CF30 /* TranslationResponse.swift */; };
		14A4B2BE27BBDC420075CF30 /* SecureString.swift in Sources */ = {isa = PBXBuildFile; fileRef = 14A4B2BD27BBDC420075CF30 /* SecureString.swift */; };
		14ABECAE27A5FBCF00708D1E /* TranslationWord.xcdatamodeld in Sources */ = {isa = PBXBuildFile; fileRef = 14ABECAC27A5FBCF00708D1E /* TranslationWord.xcdatamodeld */; };
		14ABECC127A602F500708D1E /* CoreDataStack.swift in Sources */ = {isa = PBXBuildFile; fileRef = 14ABECC027A602F500708D1E /* CoreDataStack.swift */; };
		14E4520E27A63FB5008DCEAC /* CoreDataStackMock.swift in Sources */ = {isa = PBXBuildFile; fileRef = 14E4520D27A63FB5008DCEAC /* CoreDataStackMock.swift */; };
		14E4521027A64298008DCEAC /* WordStoreService.swift in Sources */ = {isa = PBXBuildFile; fileRef = 14E4520F27A64298008DCEAC /* WordStoreService.swift */; };
		14E4521427A6D4D3008DCEAC /* WordStoreManagerTests.swift in Sources */ = {isa = PBXBuildFile; fileRef = 14E4521327A6D4D3008DCEAC /* WordStoreManagerTests.swift */; };
		14F7031027C0052F00EF0838 /* NetworkingErrorMessage.swift in Sources */ = {isa = PBXBuildFile; fileRef = 14F7030F27C0052F00EF0838 /* NetworkingErrorMessage.swift */; };
		97003B92285583AD009FE515 /* UIViewController+Reactive .swift in Sources */ = {isa = PBXBuildFile; fileRef = 97003B91285583AD009FE515 /* UIViewController+Reactive .swift */; };
		97003B942855ED91009FE515 /* UISegmentedControl+Reactive.swift in Sources */ = {isa = PBXBuildFile; fileRef = 97003B932855ED91009FE515 /* UISegmentedControl+Reactive.swift */; };
		97003B96285612BA009FE515 /* ViewModelProtocol.swift in Sources */ = {isa = PBXBuildFile; fileRef = 97003B95285612BA009FE515 /* ViewModelProtocol.swift */; };
		9709A6E727D82393003E7C8F /* HistoryTranslateViewModel.swift in Sources */ = {isa = PBXBuildFile; fileRef = 9709A6E627D82393003E7C8F /* HistoryTranslateViewModel.swift */; };
		970A1F31285DFDD70063B112 /* IntegrationTestingOfWordTranslation.swift in Sources */ = {isa = PBXBuildFile; fileRef = 970A1F30285DFDD70063B112 /* IntegrationTestingOfWordTranslation.swift */; };
		972C020B27D14EAE0080AA92 /* Collector.swift in Sources */ = {isa = PBXBuildFile; fileRef = 972C020A27D14EAE0080AA92 /* Collector.swift */; };
		972C020F27D14FB60080AA92 /* TranslateInteractor.swift in Sources */ = {isa = PBXBuildFile; fileRef = 972C020E27D14FB60080AA92 /* TranslateInteractor.swift */; };
		973DDCC728665BB70081A076 /* RootViewModel.swift in Sources */ = {isa = PBXBuildFile; fileRef = 973DDCC628665BB70081A076 /* RootViewModel.swift */; };
		974DD93B2870A92A004086FD /* TranslateView.swift in Sources */ = {isa = PBXBuildFile; fileRef = 974DD93A2870A92A004086FD /* TranslateView.swift */; };
		9756825727CEA82000C7E85F /* TranslateInteractorMock.swift in Sources */ = {isa = PBXBuildFile; fileRef = 9756825627CEA82000C7E85F /* TranslateInteractorMock.swift */; };
		9756825927CEAF6E00C7E85F /* TranslateViewModelTests.swift in Sources */ = {isa = PBXBuildFile; fileRef = 9756825827CEAF6E00C7E85F /* TranslateViewModelTests.swift */; };
		9770A71A28526B6500212F39 /* TranslationWordMapperMock.swift in Sources */ = {isa = PBXBuildFile; fileRef = 9770A71928526B6500212F39 /* TranslationWordMapperMock.swift */; };
		97946DCC27D6F3160032A5C7 /* HistoryTranslateInteractor.swift in Sources */ = {isa = PBXBuildFile; fileRef = 97946DCB27D6F3160032A5C7 /* HistoryTranslateInteractor.swift */; };
		97946DD227D6F7340032A5C7 /* HistoryTranslateInteractorTests.swift in Sources */ = {isa = PBXBuildFile; fileRef = 97946DD127D6F7340032A5C7 /* HistoryTranslateInteractorTests.swift */; };
		97990FC52871DB7100D9BEE3 /* RootView.swift in Sources */ = {isa = PBXBuildFile; fileRef = 97990FC42871DB7100D9BEE3 /* RootView.swift */; };
		97A39618286B71280002BEE4 /* HistoryTranslateView.swift in Sources */ = {isa = PBXBuildFile; fileRef = 97A39617286B71280002BEE4 /* HistoryTranslateView.swift */; };
		97A797DE287C992C0033C3D9 /* RootViewModelTests.swift in Sources */ = {isa = PBXBuildFile; fileRef = 97A797DD287C992C0033C3D9 /* RootViewModelTests.swift */; };
		97AD742328510DA5006DEB15 /* TranslationWord+CoreDataProperties.swift in Sources */ = {isa = PBXBuildFile; fileRef = 97AD742128510DA5006DEB15 /* TranslationWord+CoreDataProperties.swift */; };
		97AD742428510DA5006DEB15 /* TranslationWord+CoreDataClass.swift in Sources */ = {isa = PBXBuildFile; fileRef = 97AD742228510DA5006DEB15 /* TranslationWord+CoreDataClass.swift */; };
		97AD7427285117DD006DEB15 /* TranslationWord.swift in Sources */ = {isa = PBXBuildFile; fileRef = 97AD7426285117DD006DEB15 /* TranslationWord.swift */; };
		97AD742A28511851006DEB15 /* TranslationWordMapper.swift in Sources */ = {isa = PBXBuildFile; fileRef = 97AD742928511851006DEB15 /* TranslationWordMapper.swift */; };
		97AD742D28512DB7006DEB15 /* TranslationWordMapperTests.swift in Sources */ = {isa = PBXBuildFile; fileRef = 97AD742C28512DB7006DEB15 /* TranslationWordMapperTests.swift */; };
		97AF1DDC2853E719002D99A6 /* GoogleTranslationService.swift in Sources */ = {isa = PBXBuildFile; fileRef = 97AF1DDB2853E719002D99A6 /* GoogleTranslationService.swift */; };
		97BC477327D579FC00DC1C3D /* HistoryTranslateViewController.swift in Sources */ = {isa = PBXBuildFile; fileRef = 97BC477227D579FC00DC1C3D /* HistoryTranslateViewController.swift */; };
		97BC477527D57A3700DC1C3D /* HistoryTranslateCell.swift in Sources */ = {isa = PBXBuildFile; fileRef = 97BC477427D57A3700DC1C3D /* HistoryTranslateCell.swift */; };
		97BC477727D584FC00DC1C3D /* RootViewController.swift in Sources */ = {isa = PBXBuildFile; fileRef = 97BC477627D584FC00DC1C3D /* RootViewController.swift */; };
		97C93FF82857A97F00E8903B /* StorageDataError.swift in Sources */ = {isa = PBXBuildFile; fileRef = 97C93FF72857A97F00E8903B /* StorageDataError.swift */; };
		97C99EB827D92A820048271B /* HistoryTranslateInteractorMock.swift in Sources */ = {isa = PBXBuildFile; fileRef = 97C99EB727D92A820048271B /* HistoryTranslateInteractorMock.swift */; };
		97C99EBA27D92B790048271B /* HistoryTranslateViewModelTests.swift in Sources */ = {isa = PBXBuildFile; fileRef = 97C99EB927D92B790048271B /* HistoryTranslateViewModelTests.swift */; };
		97EB1C9127CBCBFE00832CC7 /* TranslatorInteractorTests.swift in Sources */ = {isa = PBXBuildFile; fileRef = 97EB1C9027CBCBFE00832CC7 /* TranslatorInteractorTests.swift */; };
		97EB1C9527CBD8F400832CC7 /* StoreMock.swift in Sources */ = {isa = PBXBuildFile; fileRef = 97EB1C9427CBD8F400832CC7 /* StoreMock.swift */; };
		97EB1C9827CBD94600832CC7 /* TranslationNetworkMock.swift in Sources */ = {isa = PBXBuildFile; fileRef = 97EB1C9727CBD94600832CC7 /* TranslationNetworkMock.swift */; };
		97F00A4D27CC290600D35188 /* TranslateViewModel.swift in Sources */ = {isa = PBXBuildFile; fileRef = 97F00A4C27CC290600D35188 /* TranslateViewModel.swift */; };
		97F0C8DA286891B70007B8BB /* String+Validation.swift in Sources */ = {isa = PBXBuildFile; fileRef = 97F0C8D9286891B70007B8BB /* String+Validation.swift */; };
		A791E927001F89431BA6B2CE /* Pods_SmartTrex.framework in Frameworks */ = {isa = PBXBuildFile; fileRef = B2107E4CEA172B3C463AA219 /* Pods_SmartTrex.framework */; };
/* End PBXBuildFile section */

/* Begin PBXContainerItemProxy section */
		14E4520627A63E30008DCEAC /* PBXContainerItemProxy */ = {
			isa = PBXContainerItemProxy;
			containerPortal = 14225B3127A06D1E004B63BE /* Project object */;
			proxyType = 1;
			remoteGlobalIDString = 14225B3827A06D1E004B63BE;
			remoteInfo = "Smart Trex";
		};
/* End PBXContainerItemProxy section */

/* Begin PBXFileReference section */
		14155CF827BC30E30054B502 /* GoogleTranslationServiceTests.swift */ = {isa = PBXFileReference; lastKnownFileType = sourcecode.swift; path = GoogleTranslationServiceTests.swift; sourceTree = "<group>"; };
		14155CFB27BC31130054B502 /* URLProtocolMock.swift */ = {isa = PBXFileReference; lastKnownFileType = sourcecode.swift; path = URLProtocolMock.swift; sourceTree = "<group>"; };
		141B1D2427C2E67000FA8A59 /* URLMock.swift */ = {isa = PBXFileReference; lastKnownFileType = sourcecode.swift; path = URLMock.swift; sourceTree = "<group>"; };
		14225B3927A06D1E004B63BE /* SmartTrex.app */ = {isa = PBXFileReference; explicitFileType = wrapper.application; includeInIndex = 0; path = SmartTrex.app; sourceTree = BUILT_PRODUCTS_DIR; };
		14225B3C27A06D1E004B63BE /* AppDelegate.swift */ = {isa = PBXFileReference; lastKnownFileType = sourcecode.swift; path = AppDelegate.swift; sourceTree = "<group>"; };
		14225B3E27A06D1E004B63BE /* SceneDelegate.swift */ = {isa = PBXFileReference; lastKnownFileType = sourcecode.swift; path = SceneDelegate.swift; sourceTree = "<group>"; };
		14225B4027A06D1E004B63BE /* TranslateViewController.swift */ = {isa = PBXFileReference; lastKnownFileType = sourcecode.swift; path = TranslateViewController.swift; sourceTree = "<group>"; };
		14225B4527A06D21004B63BE /* Assets.xcassets */ = {isa = PBXFileReference; lastKnownFileType = folder.assetcatalog; path = Assets.xcassets; sourceTree = "<group>"; };
		14225B4827A06D21004B63BE /* Base */ = {isa = PBXFileReference; lastKnownFileType = file.storyboard; name = Base; path = Base.lproj/LaunchScreen.storyboard; sourceTree = "<group>"; };
		14225B4A27A06D22004B63BE /* Info.plist */ = {isa = PBXFileReference; lastKnownFileType = text.plist.xml; path = Info.plist; sourceTree = "<group>"; };
		14A4B2B527BBCE890075CF30 /* TranslationRequest.swift */ = {isa = PBXFileReference; lastKnownFileType = sourcecode.swift; path = TranslationRequest.swift; sourceTree = "<group>"; };
		14A4B2B727BBCEEC0075CF30 /* TranslationResponse.swift */ = {isa = PBXFileReference; lastKnownFileType = sourcecode.swift; path = TranslationResponse.swift; sourceTree = "<group>"; };
		14A4B2BD27BBDC420075CF30 /* SecureString.swift */ = {isa = PBXFileReference; lastKnownFileType = sourcecode.swift; path = SecureString.swift; sourceTree = "<group>"; };
		14ABECAD27A5FBCF00708D1E /* TranslationWord.xcdatamodel */ = {isa = PBXFileReference; lastKnownFileType = wrapper.xcdatamodel; path = TranslationWord.xcdatamodel; sourceTree = "<group>"; };
		14ABECC027A602F500708D1E /* CoreDataStack.swift */ = {isa = PBXFileReference; lastKnownFileType = sourcecode.swift; path = CoreDataStack.swift; sourceTree = "<group>"; };
		14E4520227A63E30008DCEAC /* SmartTrexTests.xctest */ = {isa = PBXFileReference; explicitFileType = wrapper.cfbundle; includeInIndex = 0; path = SmartTrexTests.xctest; sourceTree = BUILT_PRODUCTS_DIR; };
		14E4520D27A63FB5008DCEAC /* CoreDataStackMock.swift */ = {isa = PBXFileReference; lastKnownFileType = sourcecode.swift; path = CoreDataStackMock.swift; sourceTree = "<group>"; };
		14E4520F27A64298008DCEAC /* WordStoreService.swift */ = {isa = PBXFileReference; lastKnownFileType = sourcecode.swift; path = WordStoreService.swift; sourceTree = "<group>"; };
		14E4521327A6D4D3008DCEAC /* WordStoreManagerTests.swift */ = {isa = PBXFileReference; lastKnownFileType = sourcecode.swift; path = WordStoreManagerTests.swift; sourceTree = "<group>"; };
		14F7030F27C0052F00EF0838 /* NetworkingErrorMessage.swift */ = {isa = PBXFileReference; lastKnownFileType = sourcecode.swift; path = NetworkingErrorMessage.swift; sourceTree = "<group>"; };
		55F908DE156425EDE1A2EB24 /* Pods_SmartTrexTests.framework */ = {isa = PBXFileReference; explicitFileType = wrapper.framework; includeInIndex = 0; path = Pods_SmartTrexTests.framework; sourceTree = BUILT_PRODUCTS_DIR; };
		58F474BE5CBEBAB52553FBBC /* Pods-SmartTrex.debug.xcconfig */ = {isa = PBXFileReference; includeInIndex = 1; lastKnownFileType = text.xcconfig; name = "Pods-SmartTrex.debug.xcconfig"; path = "Target Support Files/Pods-SmartTrex/Pods-SmartTrex.debug.xcconfig"; sourceTree = "<group>"; };
		6DD48A919EDFE1F70472A4D4 /* Pods-SmartTrexTests.release.xcconfig */ = {isa = PBXFileReference; includeInIndex = 1; lastKnownFileType = text.xcconfig; name = "Pods-SmartTrexTests.release.xcconfig"; path = "Target Support Files/Pods-SmartTrexTests/Pods-SmartTrexTests.release.xcconfig"; sourceTree = "<group>"; };
		76193E63218A6980CA108C11 /* Pods-SmartTrex.release.xcconfig */ = {isa = PBXFileReference; includeInIndex = 1; lastKnownFileType = text.xcconfig; name = "Pods-SmartTrex.release.xcconfig"; path = "Target Support Files/Pods-SmartTrex/Pods-SmartTrex.release.xcconfig"; sourceTree = "<group>"; };
		943C5BA60EFD9DE0AEBBFA1A /* Pods-SmartTrexTests.debug.xcconfig */ = {isa = PBXFileReference; includeInIndex = 1; lastKnownFileType = text.xcconfig; name = "Pods-SmartTrexTests.debug.xcconfig"; path = "Target Support Files/Pods-SmartTrexTests/Pods-SmartTrexTests.debug.xcconfig"; sourceTree = "<group>"; };
		97003B91285583AD009FE515 /* UIViewController+Reactive .swift */ = {isa = PBXFileReference; lastKnownFileType = sourcecode.swift; path = "UIViewController+Reactive .swift"; sourceTree = "<group>"; };
		97003B932855ED91009FE515 /* UISegmentedControl+Reactive.swift */ = {isa = PBXFileReference; lastKnownFileType = sourcecode.swift; path = "UISegmentedControl+Reactive.swift"; sourceTree = "<group>"; };
		97003B95285612BA009FE515 /* ViewModelProtocol.swift */ = {isa = PBXFileReference; lastKnownFileType = sourcecode.swift; path = ViewModelProtocol.swift; sourceTree = "<group>"; };
		9709A6E627D82393003E7C8F /* HistoryTranslateViewModel.swift */ = {isa = PBXFileReference; lastKnownFileType = sourcecode.swift; path = HistoryTranslateViewModel.swift; sourceTree = "<group>"; };
		970A1F30285DFDD70063B112 /* IntegrationTestingOfWordTranslation.swift */ = {isa = PBXFileReference; lastKnownFileType = sourcecode.swift; path = IntegrationTestingOfWordTranslation.swift; sourceTree = "<group>"; };
		972C020A27D14EAE0080AA92 /* Collector.swift */ = {isa = PBXFileReference; lastKnownFileType = sourcecode.swift; path = Collector.swift; sourceTree = "<group>"; };
		972C020E27D14FB60080AA92 /* TranslateInteractor.swift */ = {isa = PBXFileReference; fileEncoding = 4; lastKnownFileType = sourcecode.swift; path = TranslateInteractor.swift; sourceTree = "<group>"; };
		973DDCC628665BB70081A076 /* RootViewModel.swift */ = {isa = PBXFileReference; lastKnownFileType = sourcecode.swift; path = RootViewModel.swift; sourceTree = "<group>"; };
		974DD93A2870A92A004086FD /* TranslateView.swift */ = {isa = PBXFileReference; lastKnownFileType = sourcecode.swift; path = TranslateView.swift; sourceTree = "<group>"; };
		9756825627CEA82000C7E85F /* TranslateInteractorMock.swift */ = {isa = PBXFileReference; lastKnownFileType = sourcecode.swift; path = TranslateInteractorMock.swift; sourceTree = "<group>"; };
		9756825827CEAF6E00C7E85F /* TranslateViewModelTests.swift */ = {isa = PBXFileReference; lastKnownFileType = sourcecode.swift; path = TranslateViewModelTests.swift; sourceTree = "<group>"; };
		9770A71928526B6500212F39 /* TranslationWordMapperMock.swift */ = {isa = PBXFileReference; lastKnownFileType = sourcecode.swift; path = TranslationWordMapperMock.swift; sourceTree = "<group>"; };
		97946DCB27D6F3160032A5C7 /* HistoryTranslateInteractor.swift */ = {isa = PBXFileReference; lastKnownFileType = sourcecode.swift; path = HistoryTranslateInteractor.swift; sourceTree = "<group>"; };
		97946DD127D6F7340032A5C7 /* HistoryTranslateInteractorTests.swift */ = {isa = PBXFileReference; lastKnownFileType = sourcecode.swift; path = HistoryTranslateInteractorTests.swift; sourceTree = "<group>"; };
		97990FC42871DB7100D9BEE3 /* RootView.swift */ = {isa = PBXFileReference; lastKnownFileType = sourcecode.swift; path = RootView.swift; sourceTree = "<group>"; };
		97A39617286B71280002BEE4 /* HistoryTranslateView.swift */ = {isa = PBXFileReference; lastKnownFileType = sourcecode.swift; path = HistoryTranslateView.swift; sourceTree = "<group>"; };
		97A797DD287C992C0033C3D9 /* RootViewModelTests.swift */ = {isa = PBXFileReference; lastKnownFileType = sourcecode.swift; path = RootViewModelTests.swift; sourceTree = "<group>"; };
		97AD742128510DA5006DEB15 /* TranslationWord+CoreDataProperties.swift */ = {isa = PBXFileReference; fileEncoding = 4; lastKnownFileType = sourcecode.swift; path = "TranslationWord+CoreDataProperties.swift"; sourceTree = "<group>"; };
		97AD742228510DA5006DEB15 /* TranslationWord+CoreDataClass.swift */ = {isa = PBXFileReference; fileEncoding = 4; lastKnownFileType = sourcecode.swift; path = "TranslationWord+CoreDataClass.swift"; sourceTree = "<group>"; };
		97AD7426285117DD006DEB15 /* TranslationWord.swift */ = {isa = PBXFileReference; lastKnownFileType = sourcecode.swift; path = TranslationWord.swift; sourceTree = "<group>"; };
		97AD742928511851006DEB15 /* TranslationWordMapper.swift */ = {isa = PBXFileReference; lastKnownFileType = sourcecode.swift; path = TranslationWordMapper.swift; sourceTree = "<group>"; };
		97AD742C28512DB7006DEB15 /* TranslationWordMapperTests.swift */ = {isa = PBXFileReference; lastKnownFileType = sourcecode.swift; path = TranslationWordMapperTests.swift; sourceTree = "<group>"; };
		97AF1DDB2853E719002D99A6 /* GoogleTranslationService.swift */ = {isa = PBXFileReference; fileEncoding = 4; lastKnownFileType = sourcecode.swift; name = GoogleTranslationService.swift; path = SmartTrex/Data/TranslateData/Networking/GoogleTranslationService.swift; sourceTree = SOURCE_ROOT; };
		97BC477227D579FC00DC1C3D /* HistoryTranslateViewController.swift */ = {isa = PBXFileReference; lastKnownFileType = sourcecode.swift; path = HistoryTranslateViewController.swift; sourceTree = "<group>"; };
		97BC477427D57A3700DC1C3D /* HistoryTranslateCell.swift */ = {isa = PBXFileReference; lastKnownFileType = sourcecode.swift; path = HistoryTranslateCell.swift; sourceTree = "<group>"; };
		97BC477627D584FC00DC1C3D /* RootViewController.swift */ = {isa = PBXFileReference; lastKnownFileType = sourcecode.swift; path = RootViewController.swift; sourceTree = "<group>"; };
		97C93FF72857A97F00E8903B /* StorageDataError.swift */ = {isa = PBXFileReference; lastKnownFileType = sourcecode.swift; path = StorageDataError.swift; sourceTree = "<group>"; };
		97C99EB727D92A820048271B /* HistoryTranslateInteractorMock.swift */ = {isa = PBXFileReference; lastKnownFileType = sourcecode.swift; path = HistoryTranslateInteractorMock.swift; sourceTree = "<group>"; };
		97C99EB927D92B790048271B /* HistoryTranslateViewModelTests.swift */ = {isa = PBXFileReference; lastKnownFileType = sourcecode.swift; path = HistoryTranslateViewModelTests.swift; sourceTree = "<group>"; };
		97EB1C9027CBCBFE00832CC7 /* TranslatorInteractorTests.swift */ = {isa = PBXFileReference; lastKnownFileType = sourcecode.swift; path = TranslatorInteractorTests.swift; sourceTree = "<group>"; };
		97EB1C9427CBD8F400832CC7 /* StoreMock.swift */ = {isa = PBXFileReference; lastKnownFileType = sourcecode.swift; path = StoreMock.swift; sourceTree = "<group>"; };
		97EB1C9727CBD94600832CC7 /* TranslationNetworkMock.swift */ = {isa = PBXFileReference; lastKnownFileType = sourcecode.swift; path = TranslationNetworkMock.swift; sourceTree = "<group>"; };
		97F00A4C27CC290600D35188 /* TranslateViewModel.swift */ = {isa = PBXFileReference; lastKnownFileType = sourcecode.swift; path = TranslateViewModel.swift; sourceTree = "<group>"; };
		97F0C8D9286891B70007B8BB /* String+Validation.swift */ = {isa = PBXFileReference; lastKnownFileType = sourcecode.swift; path = "String+Validation.swift"; sourceTree = "<group>"; };
		B2107E4CEA172B3C463AA219 /* Pods_SmartTrex.framework */ = {isa = PBXFileReference; explicitFileType = wrapper.framework; includeInIndex = 0; path = Pods_SmartTrex.framework; sourceTree = BUILT_PRODUCTS_DIR; };
/* End PBXFileReference section */

/* Begin PBXFrameworksBuildPhase section */
		14225B3627A06D1E004B63BE /* Frameworks */ = {
			isa = PBXFrameworksBuildPhase;
			buildActionMask = 2147483647;
			files = (
				A791E927001F89431BA6B2CE /* Pods_SmartTrex.framework in Frameworks */,
			);
			runOnlyForDeploymentPostprocessing = 0;
		};
		14E451FF27A63E30008DCEAC /* Frameworks */ = {
			isa = PBXFrameworksBuildPhase;
			buildActionMask = 2147483647;
			files = (
				04A336167A2852B732FCEAC6 /* Pods_SmartTrexTests.framework in Frameworks */,
			);
			runOnlyForDeploymentPostprocessing = 0;
		};
/* End PBXFrameworksBuildPhase section */

/* Begin PBXGroup section */
		14155CF727BC30A60054B502 /* NetworkingTests */ = {
			isa = PBXGroup;
			children = (
				14155CF827BC30E30054B502 /* GoogleTranslationServiceTests.swift */,
			);
			path = NetworkingTests;
			sourceTree = "<group>";
		};
		141B1D2327C2E65500FA8A59 /* FakeData */ = {
			isa = PBXGroup;
			children = (
				141B1D2427C2E67000FA8A59 /* URLMock.swift */,
			);
			path = FakeData;
			sourceTree = "<group>";
		};
		14225B3027A06D1E004B63BE = {
			isa = PBXGroup;
			children = (
				14225B3B27A06D1E004B63BE /* SmartTrex */,
				14E4520327A63E30008DCEAC /* SmartTrexTests */,
				14225B3A27A06D1E004B63BE /* Products */,
				FAE80FAC6FD6928113C0727A /* Pods */,
				CF698BEF2D605B256FD18D28 /* Frameworks */,
			);
			sourceTree = "<group>";
		};
		14225B3A27A06D1E004B63BE /* Products */ = {
			isa = PBXGroup;
			children = (
				14225B3927A06D1E004B63BE /* SmartTrex.app */,
				14E4520227A63E30008DCEAC /* SmartTrexTests.xctest */,
			);
			name = Products;
			sourceTree = "<group>";
		};
		14225B3B27A06D1E004B63BE /* SmartTrex */ = {
			isa = PBXGroup;
			children = (
				14225B5327A06D48004B63BE /* Common */,
				14225B5127A06D38004B63BE /* Data */,
				14F7030C27C0041500EF0838 /* Domain */,
				141B1D2327C2E65500FA8A59 /* FakeData */,
				14A4B2B927BBDBC60075CF30 /* Presentation */,
			);
			path = SmartTrex;
			sourceTree = "<group>";
		};
		14225B5127A06D38004B63BE /* Data */ = {
			isa = PBXGroup;
			children = (
				14F7030E27C0051400EF0838 /* Enum */,
				144DDD0C27A5F69000678575 /* DataStore */,
				972C020C27D14F5B0080AA92 /* TranslateData */,
			);
			path = Data;
			sourceTree = "<group>";
		};
		14225B5327A06D48004B63BE /* Common */ = {
			isa = PBXGroup;
			children = (
				14A4B2BC27BBDC260075CF30 /* SecureString */,
				97529F592852A44D003A5450 /* Collector */,
				14225B5527A06D69004B63BE /* App Delegates */,
				14225B5627A06EA0004B63BE /* LaunchScreen */,
				14225B5427A06D58004B63BE /* Resources */,
			);
			path = Common;
			sourceTree = "<group>";
		};
		14225B5427A06D58004B63BE /* Resources */ = {
			isa = PBXGroup;
			children = (
				14225B4527A06D21004B63BE /* Assets.xcassets */,
				14225B4A27A06D22004B63BE /* Info.plist */,
			);
			path = Resources;
			sourceTree = "<group>";
		};
		14225B5527A06D69004B63BE /* App Delegates */ = {
			isa = PBXGroup;
			children = (
				14225B3C27A06D1E004B63BE /* AppDelegate.swift */,
				14225B3E27A06D1E004B63BE /* SceneDelegate.swift */,
			);
			path = "App Delegates";
			sourceTree = "<group>";
		};
		14225B5627A06EA0004B63BE /* LaunchScreen */ = {
			isa = PBXGroup;
			children = (
				14225B4727A06D21004B63BE /* LaunchScreen.storyboard */,
			);
			path = LaunchScreen;
			sourceTree = "<group>";
		};
		144DDD0C27A5F69000678575 /* DataStore */ = {
			isa = PBXGroup;
			children = (
				14E4521227A6455E008DCEAC /* CoreData */,
			);
			path = DataStore;
			sourceTree = "<group>";
		};
		144DDD0D27A5F6AE00678575 /* Model */ = {
			isa = PBXGroup;
			children = (
				14ABECAC27A5FBCF00708D1E /* TranslationWord.xcdatamodeld */,
				97AD742228510DA5006DEB15 /* TranslationWord+CoreDataClass.swift */,
				97AD742128510DA5006DEB15 /* TranslationWord+CoreDataProperties.swift */,
			);
			path = Model;
			sourceTree = "<group>";
		};
		1495033727B1BE9F0043F47B /* Networking */ = {
			isa = PBXGroup;
			children = (
				14A4B2B227BBCE5D0075CF30 /* Model */,
				97AF1DDB2853E719002D99A6 /* GoogleTranslationService.swift */,
			);
			path = Networking;
			sourceTree = "<group>";
		};
		14A4B2B227BBCE5D0075CF30 /* Model */ = {
			isa = PBXGroup;
			children = (
				14A4B2B427BBCE6E0075CF30 /* TranslationModel */,
			);
			path = Model;
			sourceTree = "<group>";
		};
		14A4B2B427BBCE6E0075CF30 /* TranslationModel */ = {
			isa = PBXGroup;
			children = (
				14A4B2B527BBCE890075CF30 /* TranslationRequest.swift */,
				14A4B2B727BBCEEC0075CF30 /* TranslationResponse.swift */,
			);
			path = TranslationModel;
			sourceTree = "<group>";
		};
		14A4B2B927BBDBC60075CF30 /* Presentation */ = {
			isa = PBXGroup;
			children = (
				97003B9028558390009FE515 /* Extension */,
				97AD7425285117BE006DEB15 /* Model */,
				97C99EB627D928310048271B /* View */,
				97C99EB527D928190048271B /* ViewControllers */,
				9709A6E527D8237A003E7C8F /* ViewModel */,
			);
			path = Presentation;
			sourceTree = "<group>";
		};
		14A4B2BC27BBDC260075CF30 /* SecureString */ = {
			isa = PBXGroup;
			children = (
				14A4B2BD27BBDC420075CF30 /* SecureString.swift */,
			);
			path = SecureString;
			sourceTree = "<group>";
		};
		14ABECBF27A602D200708D1E /* CoreDataStack */ = {
			isa = PBXGroup;
			children = (
				14ABECC027A602F500708D1E /* CoreDataStack.swift */,
			);
			path = CoreDataStack;
			sourceTree = "<group>";
		};
		14E4520327A63E30008DCEAC /* SmartTrexTests */ = {
			isa = PBXGroup;
			children = (
				970A1F33285E01540063B112 /* IntegrationTests */,
				97EB1C9227CBD8E000832CC7 /* Mocks */,
				970A1F32285E01370063B112 /* UnitTests */,
			);
			path = SmartTrexTests;
			sourceTree = "<group>";
		};
		14E4520B27A63EE5008DCEAC /* DALTests */ = {
			isa = PBXGroup;
			children = (
				14155CF727BC30A60054B502 /* NetworkingTests */,
				14E4520C27A63F01008DCEAC /* DataStoreTests */,
			);
			path = DALTests;
			sourceTree = "<group>";
		};
		14E4520C27A63F01008DCEAC /* DataStoreTests */ = {
			isa = PBXGroup;
			children = (
				14E4521627A6EB32008DCEAC /* ServiceTests */,
			);
			path = DataStoreTests;
			sourceTree = "<group>";
		};
		14E4521127A64536008DCEAC /* Managers */ = {
			isa = PBXGroup;
			children = (
				14ABECBF27A602D200708D1E /* CoreDataStack */,
				14E4520F27A64298008DCEAC /* WordStoreService.swift */,
			);
			path = Managers;
			sourceTree = "<group>";
		};
		14E4521227A6455E008DCEAC /* CoreData */ = {
			isa = PBXGroup;
			children = (
				144DDD0D27A5F6AE00678575 /* Model */,
				14E4521127A64536008DCEAC /* Managers */,
			);
			path = CoreData;
			sourceTree = "<group>";
		};
		14E4521627A6EB32008DCEAC /* ServiceTests */ = {
			isa = PBXGroup;
			children = (
				14E4521327A6D4D3008DCEAC /* WordStoreManagerTests.swift */,
			);
			path = ServiceTests;
			sourceTree = "<group>";
		};
		14F7030C27C0041500EF0838 /* Domain */ = {
			isa = PBXGroup;
			children = (
				97AD74282851182C006DEB15 /* Mapper */,
				97946DCB27D6F3160032A5C7 /* HistoryTranslateInteractor.swift */,
				972C020E27D14FB60080AA92 /* TranslateInteractor.swift */,
			);
			path = Domain;
			sourceTree = "<group>";
		};
		14F7030E27C0051400EF0838 /* Enum */ = {
			isa = PBXGroup;
			children = (
				14F7030F27C0052F00EF0838 /* NetworkingErrorMessage.swift */,
				97C93FF72857A97F00E8903B /* StorageDataError.swift */,
			);
			path = Enum;
			sourceTree = "<group>";
		};
		97003B9028558390009FE515 /* Extension */ = {
			isa = PBXGroup;
			children = (
				97003B91285583AD009FE515 /* UIViewController+Reactive .swift */,
				97003B932855ED91009FE515 /* UISegmentedControl+Reactive.swift */,
				97F0C8D9286891B70007B8BB /* String+Validation.swift */,
			);
			path = Extension;
			sourceTree = "<group>";
		};
		9709A6E527D8237A003E7C8F /* ViewModel */ = {
			isa = PBXGroup;
			children = (
				97003B95285612BA009FE515 /* ViewModelProtocol.swift */,
				973DDCC628665BB70081A076 /* RootViewModel.swift */,
				9709A6E627D82393003E7C8F /* HistoryTranslateViewModel.swift */,
				97F00A4C27CC290600D35188 /* TranslateViewModel.swift */,
			);
			path = ViewModel;
			sourceTree = "<group>";
		};
		970A1F32285E01370063B112 /* UnitTests */ = {
			isa = PBXGroup;
			children = (
				9756824F27CE974600C7E85F /* PresentationTests */,
				97EB1C8E27CBCBC400832CC7 /* BLLTests */,
				14E4520B27A63EE5008DCEAC /* DALTests */,
			);
			path = UnitTests;
			sourceTree = "<group>";
		};
		970A1F33285E01540063B112 /* IntegrationTests */ = {
			isa = PBXGroup;
			children = (
				970A1F30285DFDD70063B112 /* IntegrationTestingOfWordTranslation.swift */,
			);
			path = IntegrationTests;
			sourceTree = "<group>";
		};
		972C020C27D14F5B0080AA92 /* TranslateData */ = {
			isa = PBXGroup;
			children = (
				1495033727B1BE9F0043F47B /* Networking */,
			);
			path = TranslateData;
			sourceTree = "<group>";
		};
		97529F592852A44D003A5450 /* Collector */ = {
			isa = PBXGroup;
			children = (
				972C020A27D14EAE0080AA92 /* Collector.swift */,
			);
			path = Collector;
			sourceTree = "<group>";
		};
		9756824F27CE974600C7E85F /* PresentationTests */ = {
			isa = PBXGroup;
			children = (
				9756825827CEAF6E00C7E85F /* TranslateViewModelTests.swift */,
				97A797DD287C992C0033C3D9 /* RootViewModelTests.swift */,
				97C99EB927D92B790048271B /* HistoryTranslateViewModelTests.swift */,
			);
			path = PresentationTests;
			sourceTree = "<group>";
		};
		97AD7425285117BE006DEB15 /* Model */ = {
			isa = PBXGroup;
			children = (
				97AD7426285117DD006DEB15 /* TranslationWord.swift */,
			);
			path = Model;
			sourceTree = "<group>";
		};
		97AD74282851182C006DEB15 /* Mapper */ = {
			isa = PBXGroup;
			children = (
				97AD742928511851006DEB15 /* TranslationWordMapper.swift */,
			);
			path = Mapper;
			sourceTree = "<group>";
		};
		97AD742B28512D89006DEB15 /* MapperTests */ = {
			isa = PBXGroup;
			children = (
				97AD742C28512DB7006DEB15 /* TranslationWordMapperTests.swift */,
			);
			path = MapperTests;
			sourceTree = "<group>";
		};
		97C99EB527D928190048271B /* ViewControllers */ = {
			isa = PBXGroup;
			children = (
				97BC477627D584FC00DC1C3D /* RootViewController.swift */,
				97BC477227D579FC00DC1C3D /* HistoryTranslateViewController.swift */,
				14225B4027A06D1E004B63BE /* TranslateViewController.swift */,
			);
			path = ViewControllers;
			sourceTree = "<group>";
		};
		97C99EB627D928310048271B /* View */ = {
			isa = PBXGroup;
			children = (
				97BC477427D57A3700DC1C3D /* HistoryTranslateCell.swift */,
				97A39617286B71280002BEE4 /* HistoryTranslateView.swift */,
				974DD93A2870A92A004086FD /* TranslateView.swift */,
				97990FC42871DB7100D9BEE3 /* RootView.swift */,
			);
			path = View;
			sourceTree = "<group>";
		};
		97EB1C8E27CBCBC400832CC7 /* BLLTests */ = {
			isa = PBXGroup;
			children = (
				97AD742B28512D89006DEB15 /* MapperTests */,
				97EB1C8F27CBCBD800832CC7 /* InteractorTests */,
			);
			path = BLLTests;
			sourceTree = "<group>";
		};
		97EB1C8F27CBCBD800832CC7 /* InteractorTests */ = {
			isa = PBXGroup;
			children = (
				97EB1C9027CBCBFE00832CC7 /* TranslatorInteractorTests.swift */,
				97946DD127D6F7340032A5C7 /* HistoryTranslateInteractorTests.swift */,
			);
			path = InteractorTests;
			sourceTree = "<group>";
		};
		97EB1C9227CBD8E000832CC7 /* Mocks */ = {
			isa = PBXGroup;
			children = (
				97EB1C9427CBD8F400832CC7 /* StoreMock.swift */,
				97EB1C9727CBD94600832CC7 /* TranslationNetworkMock.swift */,
				9756825627CEA82000C7E85F /* TranslateInteractorMock.swift */,
				14155CFB27BC31130054B502 /* URLProtocolMock.swift */,
				14E4520D27A63FB5008DCEAC /* CoreDataStackMock.swift */,
				9770A71928526B6500212F39 /* TranslationWordMapperMock.swift */,
				97C99EB727D92A820048271B /* HistoryTranslateInteractorMock.swift */,
			);
			path = Mocks;
			sourceTree = "<group>";
		};
		CF698BEF2D605B256FD18D28 /* Frameworks */ = {
			isa = PBXGroup;
			children = (
				B2107E4CEA172B3C463AA219 /* Pods_SmartTrex.framework */,
				55F908DE156425EDE1A2EB24 /* Pods_SmartTrexTests.framework */,
			);
			name = Frameworks;
			sourceTree = "<group>";
		};
		FAE80FAC6FD6928113C0727A /* Pods */ = {
			isa = PBXGroup;
			children = (
				58F474BE5CBEBAB52553FBBC /* Pods-SmartTrex.debug.xcconfig */,
				76193E63218A6980CA108C11 /* Pods-SmartTrex.release.xcconfig */,
				943C5BA60EFD9DE0AEBBFA1A /* Pods-SmartTrexTests.debug.xcconfig */,
				6DD48A919EDFE1F70472A4D4 /* Pods-SmartTrexTests.release.xcconfig */,
			);
			path = Pods;
			sourceTree = "<group>";
		};
/* End PBXGroup section */

/* Begin PBXNativeTarget section */
		14225B3827A06D1E004B63BE /* SmartTrex */ = {
			isa = PBXNativeTarget;
			buildConfigurationList = 14225B4D27A06D22004B63BE /* Build configuration list for PBXNativeTarget "SmartTrex" */;
			buildPhases = (
				5F3B10D6798F2CC0B3F47728 /* [CP] Check Pods Manifest.lock */,
				14225B3527A06D1E004B63BE /* Sources */,
				14225B3627A06D1E004B63BE /* Frameworks */,
				14225B3727A06D1E004B63BE /* Resources */,
				EC2CF0AA2FFA22B55A23641F /* [CP] Embed Pods Frameworks */,
				972F7AD1285A617C00AD643A /* ShellScript */,
			);
			buildRules = (
			);
			dependencies = (
			);
			name = SmartTrex;
			productName = "Smart Trex";
			productReference = 14225B3927A06D1E004B63BE /* SmartTrex.app */;
			productType = "com.apple.product-type.application";
		};
		14E4520127A63E30008DCEAC /* SmartTrexTests */ = {
			isa = PBXNativeTarget;
			buildConfigurationList = 14E4520A27A63E30008DCEAC /* Build configuration list for PBXNativeTarget "SmartTrexTests" */;
			buildPhases = (
				DE030C09B51AF07FDE08A26E /* [CP] Check Pods Manifest.lock */,
				14E451FE27A63E30008DCEAC /* Sources */,
				14E451FF27A63E30008DCEAC /* Frameworks */,
				14E4520027A63E30008DCEAC /* Resources */,
				AB84B470DC36C5ED104B89ED /* [CP] Embed Pods Frameworks */,
			);
			buildRules = (
			);
			dependencies = (
				14E4520727A63E30008DCEAC /* PBXTargetDependency */,
			);
			name = SmartTrexTests;
			productName = SmartTrexTests;
			productReference = 14E4520227A63E30008DCEAC /* SmartTrexTests.xctest */;
			productType = "com.apple.product-type.bundle.unit-test";
		};
/* End PBXNativeTarget section */

/* Begin PBXProject section */
		14225B3127A06D1E004B63BE /* Project object */ = {
			isa = PBXProject;
			attributes = {
				BuildIndependentTargetsInParallel = 1;
				LastSwiftUpdateCheck = 1310;
				LastUpgradeCheck = 1310;
				TargetAttributes = {
					14225B3827A06D1E004B63BE = {
						CreatedOnToolsVersion = 13.1;
					};
					14E4520127A63E30008DCEAC = {
						CreatedOnToolsVersion = 13.1;
						TestTargetID = 14225B3827A06D1E004B63BE;
					};
				};
			};
			buildConfigurationList = 14225B3427A06D1E004B63BE /* Build configuration list for PBXProject "SmartTrex" */;
			compatibilityVersion = "Xcode 13.0";
			developmentRegion = en;
			hasScannedForEncodings = 0;
			knownRegions = (
				en,
				Base,
			);
			mainGroup = 14225B3027A06D1E004B63BE;
			productRefGroup = 14225B3A27A06D1E004B63BE /* Products */;
			projectDirPath = "";
			projectRoot = "";
			targets = (
				14225B3827A06D1E004B63BE /* SmartTrex */,
				14E4520127A63E30008DCEAC /* SmartTrexTests */,
			);
		};
/* End PBXProject section */

/* Begin PBXResourcesBuildPhase section */
		14225B3727A06D1E004B63BE /* Resources */ = {
			isa = PBXResourcesBuildPhase;
			buildActionMask = 2147483647;
			files = (
				14225B4927A06D21004B63BE /* LaunchScreen.storyboard in Resources */,
				14225B4627A06D21004B63BE /* Assets.xcassets in Resources */,
			);
			runOnlyForDeploymentPostprocessing = 0;
		};
		14E4520027A63E30008DCEAC /* Resources */ = {
			isa = PBXResourcesBuildPhase;
			buildActionMask = 2147483647;
			files = (
			);
			runOnlyForDeploymentPostprocessing = 0;
		};
/* End PBXResourcesBuildPhase section */

/* Begin PBXShellScriptBuildPhase section */
		5F3B10D6798F2CC0B3F47728 /* [CP] Check Pods Manifest.lock */ = {
			isa = PBXShellScriptBuildPhase;
			buildActionMask = 2147483647;
			files = (
			);
			inputFileListPaths = (
			);
			inputPaths = (
				"${PODS_PODFILE_DIR_PATH}/Podfile.lock",
				"${PODS_ROOT}/Manifest.lock",
			);
			name = "[CP] Check Pods Manifest.lock";
			outputFileListPaths = (
			);
			outputPaths = (
				"$(DERIVED_FILE_DIR)/Pods-SmartTrex-checkManifestLockResult.txt",
			);
			runOnlyForDeploymentPostprocessing = 0;
			shellPath = /bin/sh;
			shellScript = "diff \"${PODS_PODFILE_DIR_PATH}/Podfile.lock\" \"${PODS_ROOT}/Manifest.lock\" > /dev/null\nif [ $? != 0 ] ; then\n    # print error to STDERR\n    echo \"error: The sandbox is not in sync with the Podfile.lock. Run 'pod install' or update your CocoaPods installation.\" >&2\n    exit 1\nfi\n# This output is used by Xcode 'outputs' to avoid re-running this script phase.\necho \"SUCCESS\" > \"${SCRIPT_OUTPUT_FILE_0}\"\n";
			showEnvVarsInLog = 0;
		};
		972F7AD1285A617C00AD643A /* ShellScript */ = {
			isa = PBXShellScriptBuildPhase;
			buildActionMask = 2147483647;
			files = (
			);
			inputFileListPaths = (
			);
			inputPaths = (
			);
			outputFileListPaths = (
			);
			outputPaths = (
			);
			runOnlyForDeploymentPostprocessing = 0;
			shellPath = /bin/sh;
			shellScript = "TAGS=\"TODO: -|FIXME: -\"\nERRORTAG=\"ERROR:\"\nfind \"${SRCROOT}\" \\( -name \"*.h\" -or -name \"*.m\" -or -name \"*.swift\" \\) -print0 | xargs -0 egrep --with-filename --line-number --only-matching \"($TAGS).*\\$|($ERRORTAG).*\\$\" | perl -p -e \"s/($TAGS)/ warning: \\$1/\" | perl -p -e \"s/($ERRORTAG)/ error: \\$1/\"\n";
		};
		AB84B470DC36C5ED104B89ED /* [CP] Embed Pods Frameworks */ = {
			isa = PBXShellScriptBuildPhase;
			buildActionMask = 2147483647;
			files = (
			);
			inputFileListPaths = (
				"${PODS_ROOT}/Target Support Files/Pods-SmartTrexTests/Pods-SmartTrexTests-frameworks-${CONFIGURATION}-input-files.xcfilelist",
			);
			name = "[CP] Embed Pods Frameworks";
			outputFileListPaths = (
				"${PODS_ROOT}/Target Support Files/Pods-SmartTrexTests/Pods-SmartTrexTests-frameworks-${CONFIGURATION}-output-files.xcfilelist",
			);
			runOnlyForDeploymentPostprocessing = 0;
			shellPath = /bin/sh;
			shellScript = "\"${PODS_ROOT}/Target Support Files/Pods-SmartTrexTests/Pods-SmartTrexTests-frameworks.sh\"\n";
			showEnvVarsInLog = 0;
		};
		DE030C09B51AF07FDE08A26E /* [CP] Check Pods Manifest.lock */ = {
			isa = PBXShellScriptBuildPhase;
			buildActionMask = 2147483647;
			files = (
			);
			inputFileListPaths = (
			);
			inputPaths = (
				"${PODS_PODFILE_DIR_PATH}/Podfile.lock",
				"${PODS_ROOT}/Manifest.lock",
			);
			name = "[CP] Check Pods Manifest.lock";
			outputFileListPaths = (
			);
			outputPaths = (
				"$(DERIVED_FILE_DIR)/Pods-SmartTrexTests-checkManifestLockResult.txt",
			);
			runOnlyForDeploymentPostprocessing = 0;
			shellPath = /bin/sh;
			shellScript = "diff \"${PODS_PODFILE_DIR_PATH}/Podfile.lock\" \"${PODS_ROOT}/Manifest.lock\" > /dev/null\nif [ $? != 0 ] ; then\n    # print error to STDERR\n    echo \"error: The sandbox is not in sync with the Podfile.lock. Run 'pod install' or update your CocoaPods installation.\" >&2\n    exit 1\nfi\n# This output is used by Xcode 'outputs' to avoid re-running this script phase.\necho \"SUCCESS\" > \"${SCRIPT_OUTPUT_FILE_0}\"\n";
			showEnvVarsInLog = 0;
		};
		EC2CF0AA2FFA22B55A23641F /* [CP] Embed Pods Frameworks */ = {
			isa = PBXShellScriptBuildPhase;
			buildActionMask = 2147483647;
			files = (
			);
			inputFileListPaths = (
				"${PODS_ROOT}/Target Support Files/Pods-SmartTrex/Pods-SmartTrex-frameworks-${CONFIGURATION}-input-files.xcfilelist",
			);
			name = "[CP] Embed Pods Frameworks";
			outputFileListPaths = (
				"${PODS_ROOT}/Target Support Files/Pods-SmartTrex/Pods-SmartTrex-frameworks-${CONFIGURATION}-output-files.xcfilelist",
			);
			runOnlyForDeploymentPostprocessing = 0;
			shellPath = /bin/sh;
			shellScript = "\"${PODS_ROOT}/Target Support Files/Pods-SmartTrex/Pods-SmartTrex-frameworks.sh\"\n";
			showEnvVarsInLog = 0;
		};
/* End PBXShellScriptBuildPhase section */

/* Begin PBXSourcesBuildPhase section */
		14225B3527A06D1E004B63BE /* Sources */ = {
			isa = PBXSourcesBuildPhase;
			buildActionMask = 2147483647;
			files = (
				14F7031027C0052F00EF0838 /* NetworkingErrorMessage.swift in Sources */,
				14A4B2B827BBCEEC0075CF30 /* TranslationResponse.swift in Sources */,
				97AD742328510DA5006DEB15 /* TranslationWord+CoreDataProperties.swift in Sources */,
				14ABECC127A602F500708D1E /* CoreDataStack.swift in Sources */,
				97BC477527D57A3700DC1C3D /* HistoryTranslateCell.swift in Sources */,
				97003B942855ED91009FE515 /* UISegmentedControl+Reactive.swift in Sources */,
				972C020F27D14FB60080AA92 /* TranslateInteractor.swift in Sources */,
				97F00A4D27CC290600D35188 /* TranslateViewModel.swift in Sources */,
				97AF1DDC2853E719002D99A6 /* GoogleTranslationService.swift in Sources */,
				141B1D2527C2E67000FA8A59 /* URLMock.swift in Sources */,
				14225B4127A06D1E004B63BE /* TranslateViewController.swift in Sources */,
				9709A6E727D82393003E7C8F /* HistoryTranslateViewModel.swift in Sources */,
				97BC477727D584FC00DC1C3D /* RootViewController.swift in Sources */,
				97BC477327D579FC00DC1C3D /* HistoryTranslateViewController.swift in Sources */,
				97AD742428510DA5006DEB15 /* TranslationWord+CoreDataClass.swift in Sources */,
				97AD742A28511851006DEB15 /* TranslationWordMapper.swift in Sources */,
				14225B3D27A06D1E004B63BE /* AppDelegate.swift in Sources */,
				97003B96285612BA009FE515 /* ViewModelProtocol.swift in Sources */,
				97C93FF82857A97F00E8903B /* StorageDataError.swift in Sources */,
				97946DCC27D6F3160032A5C7 /* HistoryTranslateInteractor.swift in Sources */,
				972C020B27D14EAE0080AA92 /* Collector.swift in Sources */,
				97F0C8DA286891B70007B8BB /* String+Validation.swift in Sources */,
				973DDCC728665BB70081A076 /* RootViewModel.swift in Sources */,
				974DD93B2870A92A004086FD /* TranslateView.swift in Sources */,
				14A4B2B627BBCE890075CF30 /* TranslationRequest.swift in Sources */,
				14E4521027A64298008DCEAC /* WordStoreService.swift in Sources */,
				14225B3F27A06D1E004B63BE /* SceneDelegate.swift in Sources */,
				97A39618286B71280002BEE4 /* HistoryTranslateView.swift in Sources */,
				14ABECAE27A5FBCF00708D1E /* TranslationWord.xcdatamodeld in Sources */,
				97AD7427285117DD006DEB15 /* TranslationWord.swift in Sources */,
				14A4B2BE27BBDC420075CF30 /* SecureString.swift in Sources */,
				97003B92285583AD009FE515 /* UIViewController+Reactive .swift in Sources */,
				97990FC52871DB7100D9BEE3 /* RootView.swift in Sources */,
			);
			runOnlyForDeploymentPostprocessing = 0;
		};
		14E451FE27A63E30008DCEAC /* Sources */ = {
			isa = PBXSourcesBuildPhase;
			buildActionMask = 2147483647;
			files = (
				97AD742D28512DB7006DEB15 /* TranslationWordMapperTests.swift in Sources */,
				97C99EB827D92A820048271B /* HistoryTranslateInteractorMock.swift in Sources */,
				9770A71A28526B6500212F39 /* TranslationWordMapperMock.swift in Sources */,
				14155CF927BC30E30054B502 /* GoogleTranslationServiceTests.swift in Sources */,
				9756825927CEAF6E00C7E85F /* TranslateViewModelTests.swift in Sources */,
				970A1F31285DFDD70063B112 /* IntegrationTestingOfWordTranslation.swift in Sources */,
				97A797DE287C992C0033C3D9 /* RootViewModelTests.swift in Sources */,
				14E4521427A6D4D3008DCEAC /* WordStoreManagerTests.swift in Sources */,
				14155CFC27BC31130054B502 /* URLProtocolMock.swift in Sources */,
				97EB1C9827CBD94600832CC7 /* TranslationNetworkMock.swift in Sources */,
				97EB1C9127CBCBFE00832CC7 /* TranslatorInteractorTests.swift in Sources */,
				14E4520E27A63FB5008DCEAC /* CoreDataStackMock.swift in Sources */,
				97946DD227D6F7340032A5C7 /* HistoryTranslateInteractorTests.swift in Sources */,
				97EB1C9527CBD8F400832CC7 /* StoreMock.swift in Sources */,
				9756825727CEA82000C7E85F /* TranslateInteractorMock.swift in Sources */,
				97C99EBA27D92B790048271B /* HistoryTranslateViewModelTests.swift in Sources */,
			);
			runOnlyForDeploymentPostprocessing = 0;
		};
/* End PBXSourcesBuildPhase section */

/* Begin PBXTargetDependency section */
		14E4520727A63E30008DCEAC /* PBXTargetDependency */ = {
			isa = PBXTargetDependency;
			target = 14225B3827A06D1E004B63BE /* SmartTrex */;
			targetProxy = 14E4520627A63E30008DCEAC /* PBXContainerItemProxy */;
		};
/* End PBXTargetDependency section */

/* Begin PBXVariantGroup section */
		14225B4727A06D21004B63BE /* LaunchScreen.storyboard */ = {
			isa = PBXVariantGroup;
			children = (
				14225B4827A06D21004B63BE /* Base */,
			);
			name = LaunchScreen.storyboard;
			sourceTree = "<group>";
		};
/* End PBXVariantGroup section */

/* Begin XCBuildConfiguration section */
		14225B4B27A06D22004B63BE /* Debug */ = {
			isa = XCBuildConfiguration;
			buildSettings = {
				ALWAYS_SEARCH_USER_PATHS = NO;
				CLANG_ANALYZER_NONNULL = YES;
				CLANG_ANALYZER_NUMBER_OBJECT_CONVERSION = YES_AGGRESSIVE;
				CLANG_CXX_LANGUAGE_STANDARD = "gnu++17";
				CLANG_CXX_LIBRARY = "libc++";
				CLANG_ENABLE_MODULES = YES;
				CLANG_ENABLE_OBJC_ARC = YES;
				CLANG_ENABLE_OBJC_WEAK = YES;
				CLANG_WARN_BLOCK_CAPTURE_AUTORELEASING = YES;
				CLANG_WARN_BOOL_CONVERSION = YES;
				CLANG_WARN_COMMA = YES;
				CLANG_WARN_CONSTANT_CONVERSION = YES;
				CLANG_WARN_DEPRECATED_OBJC_IMPLEMENTATIONS = YES;
				CLANG_WARN_DIRECT_OBJC_ISA_USAGE = YES_ERROR;
				CLANG_WARN_DOCUMENTATION_COMMENTS = YES;
				CLANG_WARN_EMPTY_BODY = YES;
				CLANG_WARN_ENUM_CONVERSION = YES;
				CLANG_WARN_INFINITE_RECURSION = YES;
				CLANG_WARN_INT_CONVERSION = YES;
				CLANG_WARN_NON_LITERAL_NULL_CONVERSION = YES;
				CLANG_WARN_OBJC_IMPLICIT_RETAIN_SELF = YES;
				CLANG_WARN_OBJC_LITERAL_CONVERSION = YES;
				CLANG_WARN_OBJC_ROOT_CLASS = YES_ERROR;
				CLANG_WARN_QUOTED_INCLUDE_IN_FRAMEWORK_HEADER = YES;
				CLANG_WARN_RANGE_LOOP_ANALYSIS = YES;
				CLANG_WARN_STRICT_PROTOTYPES = YES;
				CLANG_WARN_SUSPICIOUS_MOVE = YES;
				CLANG_WARN_UNGUARDED_AVAILABILITY = YES_AGGRESSIVE;
				CLANG_WARN_UNREACHABLE_CODE = YES;
				CLANG_WARN__DUPLICATE_METHOD_MATCH = YES;
				COPY_PHASE_STRIP = NO;
				DEBUG_INFORMATION_FORMAT = dwarf;
				ENABLE_STRICT_OBJC_MSGSEND = YES;
				ENABLE_TESTABILITY = YES;
				GCC_C_LANGUAGE_STANDARD = gnu11;
				GCC_DYNAMIC_NO_PIC = NO;
				GCC_NO_COMMON_BLOCKS = YES;
				GCC_OPTIMIZATION_LEVEL = 0;
				GCC_PREPROCESSOR_DEFINITIONS = (
					"DEBUG=1",
					"$(inherited)",
				);
				GCC_WARN_64_TO_32_BIT_CONVERSION = YES;
				GCC_WARN_ABOUT_RETURN_TYPE = YES_ERROR;
				GCC_WARN_UNDECLARED_SELECTOR = YES;
				GCC_WARN_UNINITIALIZED_AUTOS = YES_AGGRESSIVE;
				GCC_WARN_UNUSED_FUNCTION = YES;
				GCC_WARN_UNUSED_VARIABLE = YES;
				IPHONEOS_DEPLOYMENT_TARGET = 15.0;
				MTL_ENABLE_DEBUG_INFO = INCLUDE_SOURCE;
				MTL_FAST_MATH = YES;
				ONLY_ACTIVE_ARCH = YES;
				SDKROOT = iphoneos;
				SWIFT_ACTIVE_COMPILATION_CONDITIONS = DEBUG;
				SWIFT_OPTIMIZATION_LEVEL = "-Onone";
			};
			name = Debug;
		};
		14225B4C27A06D22004B63BE /* Release */ = {
			isa = XCBuildConfiguration;
			buildSettings = {
				ALWAYS_SEARCH_USER_PATHS = NO;
				CLANG_ANALYZER_NONNULL = YES;
				CLANG_ANALYZER_NUMBER_OBJECT_CONVERSION = YES_AGGRESSIVE;
				CLANG_CXX_LANGUAGE_STANDARD = "gnu++17";
				CLANG_CXX_LIBRARY = "libc++";
				CLANG_ENABLE_MODULES = YES;
				CLANG_ENABLE_OBJC_ARC = YES;
				CLANG_ENABLE_OBJC_WEAK = YES;
				CLANG_WARN_BLOCK_CAPTURE_AUTORELEASING = YES;
				CLANG_WARN_BOOL_CONVERSION = YES;
				CLANG_WARN_COMMA = YES;
				CLANG_WARN_CONSTANT_CONVERSION = YES;
				CLANG_WARN_DEPRECATED_OBJC_IMPLEMENTATIONS = YES;
				CLANG_WARN_DIRECT_OBJC_ISA_USAGE = YES_ERROR;
				CLANG_WARN_DOCUMENTATION_COMMENTS = YES;
				CLANG_WARN_EMPTY_BODY = YES;
				CLANG_WARN_ENUM_CONVERSION = YES;
				CLANG_WARN_INFINITE_RECURSION = YES;
				CLANG_WARN_INT_CONVERSION = YES;
				CLANG_WARN_NON_LITERAL_NULL_CONVERSION = YES;
				CLANG_WARN_OBJC_IMPLICIT_RETAIN_SELF = YES;
				CLANG_WARN_OBJC_LITERAL_CONVERSION = YES;
				CLANG_WARN_OBJC_ROOT_CLASS = YES_ERROR;
				CLANG_WARN_QUOTED_INCLUDE_IN_FRAMEWORK_HEADER = YES;
				CLANG_WARN_RANGE_LOOP_ANALYSIS = YES;
				CLANG_WARN_STRICT_PROTOTYPES = YES;
				CLANG_WARN_SUSPICIOUS_MOVE = YES;
				CLANG_WARN_UNGUARDED_AVAILABILITY = YES_AGGRESSIVE;
				CLANG_WARN_UNREACHABLE_CODE = YES;
				CLANG_WARN__DUPLICATE_METHOD_MATCH = YES;
				COPY_PHASE_STRIP = NO;
				DEBUG_INFORMATION_FORMAT = "dwarf-with-dsym";
				ENABLE_NS_ASSERTIONS = NO;
				ENABLE_STRICT_OBJC_MSGSEND = YES;
				GCC_C_LANGUAGE_STANDARD = gnu11;
				GCC_NO_COMMON_BLOCKS = YES;
				GCC_WARN_64_TO_32_BIT_CONVERSION = YES;
				GCC_WARN_ABOUT_RETURN_TYPE = YES_ERROR;
				GCC_WARN_UNDECLARED_SELECTOR = YES;
				GCC_WARN_UNINITIALIZED_AUTOS = YES_AGGRESSIVE;
				GCC_WARN_UNUSED_FUNCTION = YES;
				GCC_WARN_UNUSED_VARIABLE = YES;
				IPHONEOS_DEPLOYMENT_TARGET = 15.0;
				MTL_ENABLE_DEBUG_INFO = NO;
				MTL_FAST_MATH = YES;
				SDKROOT = iphoneos;
				SWIFT_COMPILATION_MODE = wholemodule;
				SWIFT_OPTIMIZATION_LEVEL = "-O";
				VALIDATE_PRODUCT = YES;
			};
			name = Release;
		};
		14225B4E27A06D22004B63BE /* Debug */ = {
			isa = XCBuildConfiguration;
			baseConfigurationReference = 58F474BE5CBEBAB52553FBBC /* Pods-SmartTrex.debug.xcconfig */;
			buildSettings = {
				ASSETCATALOG_COMPILER_APPICON_NAME = AppIcon;
				ASSETCATALOG_COMPILER_GLOBAL_ACCENT_COLOR_NAME = AccentColor;
				CODE_SIGN_STYLE = Automatic;
				CURRENT_PROJECT_VERSION = 1;
				DEVELOPMENT_TEAM = 68FXT4UH73;
				GENERATE_INFOPLIST_FILE = YES;
				INFOPLIST_FILE = SmartTrex/Common/Resources/Info.plist;
				INFOPLIST_KEY_UIApplicationSupportsIndirectInputEvents = YES;
				INFOPLIST_KEY_UILaunchStoryboardName = LaunchScreen;
				INFOPLIST_KEY_UISupportedInterfaceOrientations_iPad = "UIInterfaceOrientationPortrait UIInterfaceOrientationPortraitUpsideDown UIInterfaceOrientationLandscapeLeft UIInterfaceOrientationLandscapeRight";
				INFOPLIST_KEY_UISupportedInterfaceOrientations_iPhone = "UIInterfaceOrientationPortrait UIInterfaceOrientationLandscapeLeft UIInterfaceOrientationLandscapeRight";
				LD_RUNPATH_SEARCH_PATHS = (
					"$(inherited)",
					"@executable_path/Frameworks",
				);
				MARKETING_VERSION = 1.0;
				PRODUCT_BUNDLE_IDENTIFIER = com.yegorskikh.SmartTrex;
				PRODUCT_NAME = "$(TARGET_NAME)";
				SWIFT_EMIT_LOC_STRINGS = YES;
				SWIFT_VERSION = 5.0;
				TARGETED_DEVICE_FAMILY = "1,2";
			};
			name = Debug;
		};
		14225B4F27A06D22004B63BE /* Release */ = {
			isa = XCBuildConfiguration;
			baseConfigurationReference = 76193E63218A6980CA108C11 /* Pods-SmartTrex.release.xcconfig */;
			buildSettings = {
				ASSETCATALOG_COMPILER_APPICON_NAME = AppIcon;
				ASSETCATALOG_COMPILER_GLOBAL_ACCENT_COLOR_NAME = AccentColor;
				CODE_SIGN_STYLE = Automatic;
				CURRENT_PROJECT_VERSION = 1;
				DEVELOPMENT_TEAM = 68FXT4UH73;
				GENERATE_INFOPLIST_FILE = YES;
				INFOPLIST_FILE = SmartTrex/Common/Resources/Info.plist;
				INFOPLIST_KEY_UIApplicationSupportsIndirectInputEvents = YES;
				INFOPLIST_KEY_UILaunchStoryboardName = LaunchScreen;
				INFOPLIST_KEY_UISupportedInterfaceOrientations_iPad = "UIInterfaceOrientationPortrait UIInterfaceOrientationPortraitUpsideDown UIInterfaceOrientationLandscapeLeft UIInterfaceOrientationLandscapeRight";
				INFOPLIST_KEY_UISupportedInterfaceOrientations_iPhone = "UIInterfaceOrientationPortrait UIInterfaceOrientationLandscapeLeft UIInterfaceOrientationLandscapeRight";
				LD_RUNPATH_SEARCH_PATHS = (
					"$(inherited)",
					"@executable_path/Frameworks",
				);
				MARKETING_VERSION = 1.0;
				PRODUCT_BUNDLE_IDENTIFIER = com.yegorskikh.SmartTrex;
				PRODUCT_NAME = "$(TARGET_NAME)";
				SWIFT_EMIT_LOC_STRINGS = YES;
				SWIFT_VERSION = 5.0;
				TARGETED_DEVICE_FAMILY = "1,2";
			};
			name = Release;
		};
		14E4520827A63E30008DCEAC /* Debug */ = {
			isa = XCBuildConfiguration;
			baseConfigurationReference = 943C5BA60EFD9DE0AEBBFA1A /* Pods-SmartTrexTests.debug.xcconfig */;
			buildSettings = {
				BUNDLE_LOADER = "$(TEST_HOST)";
				CODE_SIGN_STYLE = Automatic;
				CURRENT_PROJECT_VERSION = 1;
				DEVELOPMENT_TEAM = 68FXT4UH73;
				GENERATE_INFOPLIST_FILE = YES;
				LD_RUNPATH_SEARCH_PATHS = (
					"$(inherited)",
					"@executable_path/Frameworks",
					"@loader_path/Frameworks",
				);
				MARKETING_VERSION = 1.0;
				PRODUCT_BUNDLE_IDENTIFIER = com.yegorskikh.SmartTrexTests;
				PRODUCT_NAME = "$(TARGET_NAME)";
				SWIFT_EMIT_LOC_STRINGS = NO;
				SWIFT_VERSION = 5.0;
				TARGETED_DEVICE_FAMILY = "1,2";
				TEST_HOST = "$(BUILT_PRODUCTS_DIR)/SmartTrex.app/SmartTrex";
			};
			name = Debug;
		};
		14E4520927A63E30008DCEAC /* Release */ = {
			isa = XCBuildConfiguration;
			baseConfigurationReference = 6DD48A919EDFE1F70472A4D4 /* Pods-SmartTrexTests.release.xcconfig */;
			buildSettings = {
				BUNDLE_LOADER = "$(TEST_HOST)";
				CODE_SIGN_STYLE = Automatic;
				CURRENT_PROJECT_VERSION = 1;
				DEVELOPMENT_TEAM = 68FXT4UH73;
				GENERATE_INFOPLIST_FILE = YES;
				LD_RUNPATH_SEARCH_PATHS = (
					"$(inherited)",
					"@executable_path/Frameworks",
					"@loader_path/Frameworks",
				);
				MARKETING_VERSION = 1.0;
				PRODUCT_BUNDLE_IDENTIFIER = com.yegorskikh.SmartTrexTests;
				PRODUCT_NAME = "$(TARGET_NAME)";
				SWIFT_EMIT_LOC_STRINGS = NO;
				SWIFT_VERSION = 5.0;
				TARGETED_DEVICE_FAMILY = "1,2";
				TEST_HOST = "$(BUILT_PRODUCTS_DIR)/SmartTrex.app/SmartTrex";
			};
			name = Release;
		};
/* End XCBuildConfiguration section */

/* Begin XCConfigurationList section */
		14225B3427A06D1E004B63BE /* Build configuration list for PBXProject "SmartTrex" */ = {
			isa = XCConfigurationList;
			buildConfigurations = (
				14225B4B27A06D22004B63BE /* Debug */,
				14225B4C27A06D22004B63BE /* Release */,
			);
			defaultConfigurationIsVisible = 0;
			defaultConfigurationName = Release;
		};
		14225B4D27A06D22004B63BE /* Build configuration list for PBXNativeTarget "SmartTrex" */ = {
			isa = XCConfigurationList;
			buildConfigurations = (
				14225B4E27A06D22004B63BE /* Debug */,
				14225B4F27A06D22004B63BE /* Release */,
			);
			defaultConfigurationIsVisible = 0;
			defaultConfigurationName = Release;
		};
		14E4520A27A63E30008DCEAC /* Build configuration list for PBXNativeTarget "SmartTrexTests" */ = {
			isa = XCConfigurationList;
			buildConfigurations = (
				14E4520827A63E30008DCEAC /* Debug */,
				14E4520927A63E30008DCEAC /* Release */,
			);
			defaultConfigurationIsVisible = 0;
			defaultConfigurationName = Release;
		};
/* End XCConfigurationList section */

/* Begin XCVersionGroup section */
		14ABECAC27A5FBCF00708D1E /* TranslationWord.xcdatamodeld */ = {
			isa = XCVersionGroup;
			children = (
				14ABECAD27A5FBCF00708D1E /* TranslationWord.xcdatamodel */,
			);
			currentVersion = 14ABECAD27A5FBCF00708D1E /* TranslationWord.xcdatamodel */;
			path = TranslationWord.xcdatamodeld;
			sourceTree = "<group>";
			versionGroupType = wrapper.xcdatamodel;
		};
/* End XCVersionGroup section */
	};
	rootObject = 14225B3127A06D1E004B63BE /* Project object */;
}
