// !$*UTF8*$!
{
	archiveVersion = 1;
	classes = {
	};
	objectVersion = 55;
	objects = {

/* Begin PBXBuildFile section */
		14225B3D27A06D1E004B63BE /* AppDelegate.swift in Sources */ = {isa = PBXBuildFile; fileRef = 14225B3C27A06D1E004B63BE /* AppDelegate.swift */; };
		14225B3F27A06D1E004B63BE /* SceneDelegate.swift in Sources */ = {isa = PBXBuildFile; fileRef = 14225B3E27A06D1E004B63BE /* SceneDelegate.swift */; };
		14225B4127A06D1E004B63BE /* TestVC.swift in Sources */ = {isa = PBXBuildFile; fileRef = 14225B4027A06D1E004B63BE /* TestVC.swift */; };
		14225B4427A06D1E004B63BE /* Main.storyboard in Resources */ = {isa = PBXBuildFile; fileRef = 14225B4227A06D1E004B63BE /* Main.storyboard */; };
		14225B4627A06D21004B63BE /* Assets.xcassets in Resources */ = {isa = PBXBuildFile; fileRef = 14225B4527A06D21004B63BE /* Assets.xcassets */; };
		14225B4927A06D21004B63BE /* LaunchScreen.storyboard in Resources */ = {isa = PBXBuildFile; fileRef = 14225B4727A06D21004B63BE /* LaunchScreen.storyboard */; };
/* End PBXBuildFile section */

/* Begin PBXFileReference section */
		14225B3927A06D1E004B63BE /* Smart Trex.app */ = {isa = PBXFileReference; explicitFileType = wrapper.application; includeInIndex = 0; path = "Smart Trex.app"; sourceTree = BUILT_PRODUCTS_DIR; };
		14225B3C27A06D1E004B63BE /* AppDelegate.swift */ = {isa = PBXFileReference; lastKnownFileType = sourcecode.swift; path = AppDelegate.swift; sourceTree = "<group>"; };
		14225B3E27A06D1E004B63BE /* SceneDelegate.swift */ = {isa = PBXFileReference; lastKnownFileType = sourcecode.swift; path = SceneDelegate.swift; sourceTree = "<group>"; };
		14225B4027A06D1E004B63BE /* TestVC.swift */ = {isa = PBXFileReference; lastKnownFileType = sourcecode.swift; path = TestVC.swift; sourceTree = "<group>"; };
		14225B4327A06D1E004B63BE /* Base */ = {isa = PBXFileReference; lastKnownFileType = file.storyboard; name = Base; path = Base.lproj/Main.storyboard; sourceTree = "<group>"; };
		14225B4527A06D21004B63BE /* Assets.xcassets */ = {isa = PBXFileReference; lastKnownFileType = folder.assetcatalog; path = Assets.xcassets; sourceTree = "<group>"; };
		14225B4827A06D21004B63BE /* Base */ = {isa = PBXFileReference; lastKnownFileType = file.storyboard; name = Base; path = Base.lproj/LaunchScreen.storyboard; sourceTree = "<group>"; };
		14225B4A27A06D22004B63BE /* Info.plist */ = {isa = PBXFileReference; lastKnownFileType = text.plist.xml; path = Info.plist; sourceTree = "<group>"; };
/* End PBXFileReference section */

/* Begin PBXFrameworksBuildPhase section */
		14225B3627A06D1E004B63BE /* Frameworks */ = {
			isa = PBXFrameworksBuildPhase;
			buildActionMask = 2147483647;
			files = (
			);
			runOnlyForDeploymentPostprocessing = 0;
		};
/* End PBXFrameworksBuildPhase section */

/* Begin PBXGroup section */
		14225B3027A06D1E004B63BE = {
			isa = PBXGroup;
			children = (
				14225B3B27A06D1E004B63BE /* Smart Trex */,
				14225B3A27A06D1E004B63BE /* Products */,
			);
			sourceTree = "<group>";
		};
		14225B3A27A06D1E004B63BE /* Products */ = {
			isa = PBXGroup;
			children = (
				14225B3927A06D1E004B63BE /* Smart Trex.app */,
			);
			name = Products;
			sourceTree = "<group>";
		};
		14225B3B27A06D1E004B63BE /* Smart Trex */ = {
			isa = PBXGroup;
			children = (
				14225B5327A06D48004B63BE /* Common */,
				14225B5227A06D3E004B63BE /* GUI */,
				14225B5127A06D38004B63BE /* DAL */,
				14225B5027A06D2F004B63BE /* BLL */,
				14225B4027A06D1E004B63BE /* TestVC.swift */,
				14225B4227A06D1E004B63BE /* Main.storyboard */,
			);
			path = "Smart Trex";
			sourceTree = "<group>";
		};
		14225B5027A06D2F004B63BE /* BLL */ = {
			isa = PBXGroup;
			children = (
			);
			path = BLL;
			sourceTree = "<group>";
		};
		14225B5127A06D38004B63BE /* DAL */ = {
			isa = PBXGroup;
			children = (
			);
			path = DAL;
			sourceTree = "<group>";
		};
		14225B5227A06D3E004B63BE /* GUI */ = {
			isa = PBXGroup;
			children = (
			);
			path = GUI;
			sourceTree = "<group>";
		};
		14225B5327A06D48004B63BE /* Common */ = {
			isa = PBXGroup;
			children = (
				14225B5627A06EA0004B63BE /* LaunchScreen */,
				14225B5527A06D69004B63BE /* App Delegates */,
				14225B5427A06D58004B63BE /* Resources */,
			);
			path = Common;
			sourceTree = "<group>";
		};
		14225B5427A06D58004B63BE /* Resources */ = {
			isa = PBXGroup;
			children = (
				14225B4527A06D21004B63BE /* Assets.xcassets */,
				14225B4A27A06D22004B63BE /* Info.plist */,
			);
			path = Resources;
			sourceTree = "<group>";
		};
		14225B5527A06D69004B63BE /* App Delegates */ = {
			isa = PBXGroup;
			children = (
				14225B3C27A06D1E004B63BE /* AppDelegate.swift */,
				14225B3E27A06D1E004B63BE /* SceneDelegate.swift */,
			);
			path = "App Delegates";
			sourceTree = "<group>";
		};
		14225B5627A06EA0004B63BE /* LaunchScreen */ = {
			isa = PBXGroup;
			children = (
				14225B4727A06D21004B63BE /* LaunchScreen.storyboard */,
			);
			path = LaunchScreen;
			sourceTree = "<group>";
		};
/* End PBXGroup section */

/* Begin PBXNativeTarget section */
		14225B3827A06D1E004B63BE /* Smart Trex */ = {
			isa = PBXNativeTarget;
			buildConfigurationList = 14225B4D27A06D22004B63BE /* Build configuration list for PBXNativeTarget "Smart Trex" */;
			buildPhases = (
				14225B3527A06D1E004B63BE /* Sources */,
				14225B3627A06D1E004B63BE /* Frameworks */,
				14225B3727A06D1E004B63BE /* Resources */,
			);
			buildRules = (
			);
			dependencies = (
			);
			name = "Smart Trex";
			productName = "Smart Trex";
			productReference = 14225B3927A06D1E004B63BE /* Smart Trex.app */;
			productType = "com.apple.product-type.application";
		};
/* End PBXNativeTarget section */

/* Begin PBXProject section */
		14225B3127A06D1E004B63BE /* Project object */ = {
			isa = PBXProject;
			attributes = {
				BuildIndependentTargetsInParallel = 1;
				LastSwiftUpdateCheck = 1310;
				LastUpgradeCheck = 1310;
				TargetAttributes = {
					14225B3827A06D1E004B63BE = {
						CreatedOnToolsVersion = 13.1;
					};
				};
			};
			buildConfigurationList = 14225B3427A06D1E004B63BE /* Build configuration list for PBXProject "Smart Trex" */;
			compatibilityVersion = "Xcode 13.0";
			developmentRegion = en;
			hasScannedForEncodings = 0;
			knownRegions = (
				en,
				Base,
			);
			mainGroup = 14225B3027A06D1E004B63BE;
			productRefGroup = 14225B3A27A06D1E004B63BE /* Products */;
			projectDirPath = "";
			projectRoot = "";
			targets = (
				14225B3827A06D1E004B63BE /* Smart Trex */,
			);
		};
/* End PBXProject section */

/* Begin PBXResourcesBuildPhase section */
		14225B3727A06D1E004B63BE /* Resources */ = {
			isa = PBXResourcesBuildPhase;
			buildActionMask = 2147483647;
			files = (
				14225B4927A06D21004B63BE /* LaunchScreen.storyboard in Resources */,
				14225B4627A06D21004B63BE /* Assets.xcassets in Resources */,
				14225B4427A06D1E004B63BE /* Main.storyboard in Resources */,
			);
			runOnlyForDeploymentPostprocessing = 0;
		};
/* End PBXResourcesBuildPhase section */

/* Begin PBXSourcesBuildPhase section */
		14225B3527A06D1E004B63BE /* Sources */ = {
			isa = PBXSourcesBuildPhase;
			buildActionMask = 2147483647;
			files = (
				14225B4127A06D1E004B63BE /* TestVC.swift in Sources */,
				14225B3D27A06D1E004B63BE /* AppDelegate.swift in Sources */,
				14225B3F27A06D1E004B63BE /* SceneDelegate.swift in Sources */,
			);
			runOnlyForDeploymentPostprocessing = 0;
		};
/* End PBXSourcesBuildPhase section */

/* Begin PBXVariantGroup section */
		14225B4227A06D1E004B63BE /* Main.storyboard */ = {
			isa = PBXVariantGroup;
			children = (
				14225B4327A06D1E004B63BE /* Base */,
			);
			name = Main.storyboard;
			sourceTree = "<group>";
		};
		14225B4727A06D21004B63BE /* LaunchScreen.storyboard */ = {
			isa = PBXVariantGroup;
			children = (
				14225B4827A06D21004B63BE /* Base */,
			);
			name = LaunchScreen.storyboard;
			sourceTree = "<group>";
		};
/* End PBXVariantGroup section */

/* Begin XCBuildConfiguration section */
		14225B4B27A06D22004B63BE /* Debug */ = {
			isa = XCBuildConfiguration;
			buildSettings = {
				ALWAYS_SEARCH_USER_PATHS = NO;
				CLANG_ANALYZER_NONNULL = YES;
				CLANG_ANALYZER_NUMBER_OBJECT_CONVERSION = YES_AGGRESSIVE;
				CLANG_CXX_LANGUAGE_STANDARD = "gnu++17";
				CLANG_CXX_LIBRARY = "libc++";
				CLANG_ENABLE_MODULES = YES;
				CLANG_ENABLE_OBJC_ARC = YES;
				CLANG_ENABLE_OBJC_WEAK = YES;
				CLANG_WARN_BLOCK_CAPTURE_AUTORELEASING = YES;
				CLANG_WARN_BOOL_CONVERSION = YES;
				CLANG_WARN_COMMA = YES;
				CLANG_WARN_CONSTANT_CONVERSION = YES;
				CLANG_WARN_DEPRECATED_OBJC_IMPLEMENTATIONS = YES;
				CLANG_WARN_DIRECT_OBJC_ISA_USAGE = YES_ERROR;
				CLANG_WARN_DOCUMENTATION_COMMENTS = YES;
				CLANG_WARN_EMPTY_BODY = YES;
				CLANG_WARN_ENUM_CONVERSION = YES;
				CLANG_WARN_INFINITE_RECURSION = YES;
				CLANG_WARN_INT_CONVERSION = YES;
				CLANG_WARN_NON_LITERAL_NULL_CONVERSION = YES;
				CLANG_WARN_OBJC_IMPLICIT_RETAIN_SELF = YES;
				CLANG_WARN_OBJC_LITERAL_CONVERSION = YES;
				CLANG_WARN_OBJC_ROOT_CLASS = YES_ERROR;
				CLANG_WARN_QUOTED_INCLUDE_IN_FRAMEWORK_HEADER = YES;
				CLANG_WARN_RANGE_LOOP_ANALYSIS = YES;
				CLANG_WARN_STRICT_PROTOTYPES = YES;
				CLANG_WARN_SUSPICIOUS_MOVE = YES;
				CLANG_WARN_UNGUARDED_AVAILABILITY = YES_AGGRESSIVE;
				CLANG_WARN_UNREACHABLE_CODE = YES;
				CLANG_WARN__DUPLICATE_METHOD_MATCH = YES;
				COPY_PHASE_STRIP = NO;
				DEBUG_INFORMATION_FORMAT = dwarf;
				ENABLE_STRICT_OBJC_MSGSEND = YES;
				ENABLE_TESTABILITY = YES;
				GCC_C_LANGUAGE_STANDARD = gnu11;
				GCC_DYNAMIC_NO_PIC = NO;
				GCC_NO_COMMON_BLOCKS = YES;
				GCC_OPTIMIZATION_LEVEL = 0;
				GCC_PREPROCESSOR_DEFINITIONS = (
					"DEBUG=1",
					"$(inherited)",
				);
				GCC_WARN_64_TO_32_BIT_CONVERSION = YES;
				GCC_WARN_ABOUT_RETURN_TYPE = YES_ERROR;
				GCC_WARN_UNDECLARED_SELECTOR = YES;
				GCC_WARN_UNINITIALIZED_AUTOS = YES_AGGRESSIVE;
				GCC_WARN_UNUSED_FUNCTION = YES;
				GCC_WARN_UNUSED_VARIABLE = YES;
				IPHONEOS_DEPLOYMENT_TARGET = 15.0;
				MTL_ENABLE_DEBUG_INFO = INCLUDE_SOURCE;
				MTL_FAST_MATH = YES;
				ONLY_ACTIVE_ARCH = YES;
				SDKROOT = iphoneos;
				SWIFT_ACTIVE_COMPILATION_CONDITIONS = DEBUG;
				SWIFT_OPTIMIZATION_LEVEL = "-Onone";
			};
			name = Debug;
		};
		14225B4C27A06D22004B63BE /* Release */ = {
			isa = XCBuildConfiguration;
			buildSettings = {
				ALWAYS_SEARCH_USER_PATHS = NO;
				CLANG_ANALYZER_NONNULL = YES;
				CLANG_ANALYZER_NUMBER_OBJECT_CONVERSION = YES_AGGRESSIVE;
				CLANG_CXX_LANGUAGE_STANDARD = "gnu++17";
				CLANG_CXX_LIBRARY = "libc++";
				CLANG_ENABLE_MODULES = YES;
				CLANG_ENABLE_OBJC_ARC = YES;
				CLANG_ENABLE_OBJC_WEAK = YES;
				CLANG_WARN_BLOCK_CAPTURE_AUTORELEASING = YES;
				CLANG_WARN_BOOL_CONVERSION = YES;
				CLANG_WARN_COMMA = YES;
				CLANG_WARN_CONSTANT_CONVERSION = YES;
				CLANG_WARN_DEPRECATED_OBJC_IMPLEMENTATIONS = YES;
				CLANG_WARN_DIRECT_OBJC_ISA_USAGE = YES_ERROR;
				CLANG_WARN_DOCUMENTATION_COMMENTS = YES;
				CLANG_WARN_EMPTY_BODY = YES;
				CLANG_WARN_ENUM_CONVERSION = YES;
				CLANG_WARN_INFINITE_RECURSION = YES;
				CLANG_WARN_INT_CONVERSION = YES;
				CLANG_WARN_NON_LITERAL_NULL_CONVERSION = YES;
				CLANG_WARN_OBJC_IMPLICIT_RETAIN_SELF = YES;
				CLANG_WARN_OBJC_LITERAL_CONVERSION = YES;
				CLANG_WARN_OBJC_ROOT_CLASS = YES_ERROR;
				CLANG_WARN_QUOTED_INCLUDE_IN_FRAMEWORK_HEADER = YES;
				CLANG_WARN_RANGE_LOOP_ANALYSIS = YES;
				CLANG_WARN_STRICT_PROTOTYPES = YES;
				CLANG_WARN_SUSPICIOUS_MOVE = YES;
				CLANG_WARN_UNGUARDED_AVAILABILITY = YES_AGGRESSIVE;
				CLANG_WARN_UNREACHABLE_CODE = YES;
				CLANG_WARN__DUPLICATE_METHOD_MATCH = YES;
				COPY_PHASE_STRIP = NO;
				DEBUG_INFORMATION_FORMAT = "dwarf-with-dsym";
				ENABLE_NS_ASSERTIONS = NO;
				ENABLE_STRICT_OBJC_MSGSEND = YES;
				GCC_C_LANGUAGE_STANDARD = gnu11;
				GCC_NO_COMMON_BLOCKS = YES;
				GCC_WARN_64_TO_32_BIT_CONVERSION = YES;
				GCC_WARN_ABOUT_RETURN_TYPE = YES_ERROR;
				GCC_WARN_UNDECLARED_SELECTOR = YES;
				GCC_WARN_UNINITIALIZED_AUTOS = YES_AGGRESSIVE;
				GCC_WARN_UNUSED_FUNCTION = YES;
				GCC_WARN_UNUSED_VARIABLE = YES;
				IPHONEOS_DEPLOYMENT_TARGET = 15.0;
				MTL_ENABLE_DEBUG_INFO = NO;
				MTL_FAST_MATH = YES;
				SDKROOT = iphoneos;
				SWIFT_COMPILATION_MODE = wholemodule;
				SWIFT_OPTIMIZATION_LEVEL = "-O";
				VALIDATE_PRODUCT = YES;
			};
			name = Release;
		};
		14225B4E27A06D22004B63BE /* Debug */ = {
			isa = XCBuildConfiguration;
			buildSettings = {
				ASSETCATALOG_COMPILER_APPICON_NAME = AppIcon;
				ASSETCATALOG_COMPILER_GLOBAL_ACCENT_COLOR_NAME = AccentColor;
				CODE_SIGN_STYLE = Automatic;
				CURRENT_PROJECT_VERSION = 1;
				DEVELOPMENT_TEAM = 68FXT4UH73;
				GENERATE_INFOPLIST_FILE = YES;
				INFOPLIST_FILE = "Smart Trex/Common/Resources/Info.plist";
				INFOPLIST_KEY_UIApplicationSupportsIndirectInputEvents = YES;
				INFOPLIST_KEY_UILaunchStoryboardName = LaunchScreen;
				INFOPLIST_KEY_UIMainStoryboardFile = Main;
				INFOPLIST_KEY_UISupportedInterfaceOrientations_iPad = "UIInterfaceOrientationPortrait UIInterfaceOrientationPortraitUpsideDown UIInterfaceOrientationLandscapeLeft UIInterfaceOrientationLandscapeRight";
				INFOPLIST_KEY_UISupportedInterfaceOrientations_iPhone = "UIInterfaceOrientationPortrait UIInterfaceOrientationLandscapeLeft UIInterfaceOrientationLandscapeRight";
				LD_RUNPATH_SEARCH_PATHS = (
					"$(inherited)",
					"@executable_path/Frameworks",
				);
				MARKETING_VERSION = 1.0;
				PRODUCT_BUNDLE_IDENTIFIER = "com.yegorskikh.Smart-Trex";
				PRODUCT_NAME = "$(TARGET_NAME)";
				SWIFT_EMIT_LOC_STRINGS = YES;
				SWIFT_VERSION = 5.0;
				TARGETED_DEVICE_FAMILY = "1,2";
			};
			name = Debug;
		};
		14225B4F27A06D22004B63BE /* Release */ = {
			isa = XCBuildConfiguration;
			buildSettings = {
				ASSETCATALOG_COMPILER_APPICON_NAME = AppIcon;
				ASSETCATALOG_COMPILER_GLOBAL_ACCENT_COLOR_NAME = AccentColor;
				CODE_SIGN_STYLE = Automatic;
				CURRENT_PROJECT_VERSION = 1;
				DEVELOPMENT_TEAM = 68FXT4UH73;
				GENERATE_INFOPLIST_FILE = YES;
				INFOPLIST_FILE = "Smart Trex/Common/Resources/Info.plist";
				INFOPLIST_KEY_UIApplicationSupportsIndirectInputEvents = YES;
				INFOPLIST_KEY_UILaunchStoryboardName = LaunchScreen;
				INFOPLIST_KEY_UIMainStoryboardFile = Main;
				INFOPLIST_KEY_UISupportedInterfaceOrientations_iPad = "UIInterfaceOrientationPortrait UIInterfaceOrientationPortraitUpsideDown UIInterfaceOrientationLandscapeLeft UIInterfaceOrientationLandscapeRight";
				INFOPLIST_KEY_UISupportedInterfaceOrientations_iPhone = "UIInterfaceOrientationPortrait UIInterfaceOrientationLandscapeLeft UIInterfaceOrientationLandscapeRight";
				LD_RUNPATH_SEARCH_PATHS = (
					"$(inherited)",
					"@executable_path/Frameworks",
				);
				MARKETING_VERSION = 1.0;
				PRODUCT_BUNDLE_IDENTIFIER = "com.yegorskikh.Smart-Trex";
				PRODUCT_NAME = "$(TARGET_NAME)";
				SWIFT_EMIT_LOC_STRINGS = YES;
				SWIFT_VERSION = 5.0;
				TARGETED_DEVICE_FAMILY = "1,2";
			};
			name = Release;
		};
/* End XCBuildConfiguration section */

/* Begin XCConfigurationList section */
		14225B3427A06D1E004B63BE /* Build configuration list for PBXProject "Smart Trex" */ = {
			isa = XCConfigurationList;
			buildConfigurations = (
				14225B4B27A06D22004B63BE /* Debug */,
				14225B4C27A06D22004B63BE /* Release */,
			);
			defaultConfigurationIsVisible = 0;
			defaultConfigurationName = Release;
		};
		14225B4D27A06D22004B63BE /* Build configuration list for PBXNativeTarget "Smart Trex" */ = {
			isa = XCConfigurationList;
			buildConfigurations = (
				14225B4E27A06D22004B63BE /* Debug */,
				14225B4F27A06D22004B63BE /* Release */,
			);
			defaultConfigurationIsVisible = 0;
			defaultConfigurationName = Release;
		};
/* End XCConfigurationList section */
	};
	rootObject = 14225B3127A06D1E004B63BE /* Project object */;
}
